
Microsoft Visual Studio Solution File, Format Version 12.00
# Visual Studio Version 16
VisualStudioVersion = 16.0.31424.327
MinimumVisualStudioVersion = 10.0.40219.1
Project("{FAE04EC0-301F-11D3-BF4B-00C04F79EFBC}") = "WebAPI", "WebAPI\WebAPI.csproj", "{72AF7FA2-5CE2-4D3F-999B-E7480539D93A}"
EndProject
Project("{FAE04EC0-301F-11D3-BF4B-00C04F79EFBC}") = "WebAPI.UnitTest", "WebAPI.UnitTest\WebAPI.UnitTest.csproj", "{D31A5BEE-E02C-4793-8233-C712A11DC333}"
EndProject
Global
	GlobalSection(SolutionConfigurationPlatforms) = preSolution
		Debug|Any CPU = Debug|Any CPU
		Release|Any CPU = Release|Any CPU
	EndGlobalSection
	GlobalSection(ProjectConfigurationPlatforms) = postSolution
		{72AF7FA2-5CE2-4D3F-999B-E7480539D93A}.Debug|Any CPU.ActiveCfg = Debug|Any CPU
		{72AF7FA2-5CE2-4D3F-999B-E7480539D93A}.Debug|Any CPU.Build.0 = Debug|Any CPU
		{72AF7FA2-5CE2-4D3F-999B-E7480539D93A}.Release|Any CPU.ActiveCfg = Release|Any CPU
		{72AF7FA2-5CE2-4D3F-999B-E7480539D93A}.Release|Any CPU.Build.0 = Release|Any CPU
		{D31A5BEE-E02C-4793-8233-C712A11DC333}.Debug|Any CPU.ActiveCfg = Debug|Any CPU
		{D31A5BEE-E02C-4793-8233-C712A11DC333}.Debug|Any CPU.Build.0 = Debug|Any CPU
		{D31A5BEE-E02C-4793-8233-C712A11DC333}.Release|Any CPU.ActiveCfg = Release|Any CPU
		{D31A5BEE-E02C-4793-8233-C712A11DC333}.Release|Any CPU.Build.0 = Release|Any CPU
	EndGlobalSection
	GlobalSection(SolutionProperties) = preSolution
		HideSolutionNode = FALSE
	EndGlobalSection
	GlobalSection(ExtensibilityGlobals) = postSolution
		SolutionGuid = {9A40784F-2A99-49F0-A454-43188022E1D1}
	EndGlobalSection
EndGlobal
